
Microsoft Visual Studio Solution File, Format Version 12.00
# Visual Studio Version 17
VisualStudioVersion = 17.11.35327.3
MinimumVisualStudioVersion = 10.0.40219.1
Project("{2150E333-8FDC-42A3-9474-1A3956D46DE8}") = "1 - System", "1 - System", "{3D73C8F3-284B-4476-87A1-FB52541D01BE}"
EndProject
Project("{2150E333-8FDC-42A3-9474-1A3956D46DE8}") = "2 - Presentation", "2 - Presentation", "{6A9C6E57-A236-4A4A-9799-6575A7CA29DC}"
EndProject
Project("{2150E333-8FDC-42A3-9474-1A3956D46DE8}") = "3 - Application", "3 - Application", "{37B1B82F-0CA2-422F-A686-87FA924DC2A9}"
EndProject
Project("{2150E333-8FDC-42A3-9474-1A3956D46DE8}") = "4 - Domain", "4 - Domain", "{4C92C5B2-4BAC-4CD8-A1B0-62309238B852}"
EndProject
Project("{2150E333-8FDC-42A3-9474-1A3956D46DE8}") = "5 - Infra", "5 - Infra", "{44C03A68-06EC-4006-B014-3071E30E8A08}"
EndProject
Project("{FAE04EC0-301F-11D3-BF4B-00C04F79EFBC}") = "Caneko.System", "Caneko.System\Caneko.System.csproj", "{6078BCAC-1D3C-4AB3-8171-EE408BEF48E5}"
EndProject
Project("{FAE04EC0-301F-11D3-BF4B-00C04F79EFBC}") = "Caneko.API", "Caneko.API\Caneko.API.csproj", "{6145A649-1DC8-4C7A-8D9B-E2FCF9C5A093}"
EndProject
Project("{FAE04EC0-301F-11D3-BF4B-00C04F79EFBC}") = "Caneko.Application", "Caneko.Application\Caneko.Application.csproj", "{59A3C387-EBBC-4A8D-9D3C-792DC2B9584A}"
EndProject
Project("{FAE04EC0-301F-11D3-BF4B-00C04F79EFBC}") = "Caneko.Domain", "Caneko.Domain\Caneko.Domain.csproj", "{DD158C4F-8BA6-469E-9293-0A6C8EFCCFCA}"
EndProject
Project("{FAE04EC0-301F-11D3-BF4B-00C04F79EFBC}") = "Caneko.Infra.MongoDb", "Caneko.Infra.MongoDb\Caneko.Infra.MongoDb.csproj", "{093AB9D9-1D78-44E1-8399-23CE806B0FBC}"
EndProject
Global
	GlobalSection(SolutionConfigurationPlatforms) = preSolution
		Debug|Any CPU = Debug|Any CPU
		Release|Any CPU = Release|Any CPU
	EndGlobalSection
	GlobalSection(ProjectConfigurationPlatforms) = postSolution
		{6078BCAC-1D3C-4AB3-8171-EE408BEF48E5}.Debug|Any CPU.ActiveCfg = Debug|Any CPU
		{6078BCAC-1D3C-4AB3-8171-EE408BEF48E5}.Debug|Any CPU.Build.0 = Debug|Any CPU
		{6078BCAC-1D3C-4AB3-8171-EE408BEF48E5}.Release|Any CPU.ActiveCfg = Release|Any CPU
		{6078BCAC-1D3C-4AB3-8171-EE408BEF48E5}.Release|Any CPU.Build.0 = Release|Any CPU
		{6145A649-1DC8-4C7A-8D9B-E2FCF9C5A093}.Debug|Any CPU.ActiveCfg = Debug|Any CPU
		{6145A649-1DC8-4C7A-8D9B-E2FCF9C5A093}.Debug|Any CPU.Build.0 = Debug|Any CPU
		{6145A649-1DC8-4C7A-8D9B-E2FCF9C5A093}.Release|Any CPU.ActiveCfg = Release|Any CPU
		{6145A649-1DC8-4C7A-8D9B-E2FCF9C5A093}.Release|Any CPU.Build.0 = Release|Any CPU
		{59A3C387-EBBC-4A8D-9D3C-792DC2B9584A}.Debug|Any CPU.ActiveCfg = Debug|Any CPU
		{59A3C387-EBBC-4A8D-9D3C-792DC2B9584A}.Debug|Any CPU.Build.0 = Debug|Any CPU
		{59A3C387-EBBC-4A8D-9D3C-792DC2B9584A}.Release|Any CPU.ActiveCfg = Release|Any CPU
		{59A3C387-EBBC-4A8D-9D3C-792DC2B9584A}.Release|Any CPU.Build.0 = Release|Any CPU
		{DD158C4F-8BA6-469E-9293-0A6C8EFCCFCA}.Debug|Any CPU.ActiveCfg = Debug|Any CPU
		{DD158C4F-8BA6-469E-9293-0A6C8EFCCFCA}.Debug|Any CPU.Build.0 = Debug|Any CPU
		{DD158C4F-8BA6-469E-9293-0A6C8EFCCFCA}.Release|Any CPU.ActiveCfg = Release|Any CPU
		{DD158C4F-8BA6-469E-9293-0A6C8EFCCFCA}.Release|Any CPU.Build.0 = Release|Any CPU
		{093AB9D9-1D78-44E1-8399-23CE806B0FBC}.Debug|Any CPU.ActiveCfg = Debug|Any CPU
		{093AB9D9-1D78-44E1-8399-23CE806B0FBC}.Debug|Any CPU.Build.0 = Debug|Any CPU
		{093AB9D9-1D78-44E1-8399-23CE806B0FBC}.Release|Any CPU.ActiveCfg = Release|Any CPU
		{093AB9D9-1D78-44E1-8399-23CE806B0FBC}.Release|Any CPU.Build.0 = Release|Any CPU
	EndGlobalSection
	GlobalSection(SolutionProperties) = preSolution
		HideSolutionNode = FALSE
	EndGlobalSection
	GlobalSection(NestedProjects) = preSolution
		{6078BCAC-1D3C-4AB3-8171-EE408BEF48E5} = {3D73C8F3-284B-4476-87A1-FB52541D01BE}
		{6145A649-1DC8-4C7A-8D9B-E2FCF9C5A093} = {6A9C6E57-A236-4A4A-9799-6575A7CA29DC}
		{59A3C387-EBBC-4A8D-9D3C-792DC2B9584A} = {37B1B82F-0CA2-422F-A686-87FA924DC2A9}
		{DD158C4F-8BA6-469E-9293-0A6C8EFCCFCA} = {4C92C5B2-4BAC-4CD8-A1B0-62309238B852}
		{093AB9D9-1D78-44E1-8399-23CE806B0FBC} = {44C03A68-06EC-4006-B014-3071E30E8A08}
	EndGlobalSection
	GlobalSection(ExtensibilityGlobals) = postSolution
		SolutionGuid = {3EABD2CC-07D4-455A-9FEE-2C3DF22131EC}
	EndGlobalSection
EndGlobal
